
Microsoft Visual Studio Solution File, Format Version 12.00
# Visual Studio Version 17
VisualStudioVersion = 17.3.32901.215
MinimumVisualStudioVersion = 10.0.40219.1
Project("{9A19103F-16F7-4668-BE54-9A1E7A4F7556}") = "Ejercicio1", "Ejercicio1Unidad2\Ejercicio1.csproj", "{C6AECDD0-23AE-42D3-863C-98E4AADB7477}"
EndProject
Project("{2150E333-8FDC-42A3-9474-1A3956D46DE8}") = "Elementos de la solución", "Elementos de la solución", "{CA919E42-43DF-4AF2-A28A-3D352216AC09}"
EndProject
Global
	GlobalSection(SolutionConfigurationPlatforms) = preSolution
		Debug|Any CPU = Debug|Any CPU
		Release|Any CPU = Release|Any CPU
	EndGlobalSection
	GlobalSection(ProjectConfigurationPlatforms) = postSolution
		{C6AECDD0-23AE-42D3-863C-98E4AADB7477}.Debug|Any CPU.ActiveCfg = Debug|Any CPU
		{C6AECDD0-23AE-42D3-863C-98E4AADB7477}.Debug|Any CPU.Build.0 = Debug|Any CPU
		{C6AECDD0-23AE-42D3-863C-98E4AADB7477}.Release|Any CPU.ActiveCfg = Release|Any CPU
		{C6AECDD0-23AE-42D3-863C-98E4AADB7477}.Release|Any CPU.Build.0 = Release|Any CPU
	EndGlobalSection
	GlobalSection(SolutionProperties) = preSolution
		HideSolutionNode = FALSE
	EndGlobalSection
	GlobalSection(ExtensibilityGlobals) = postSolution
		SolutionGuid = {FFFA3247-2030-4AC8-A595-10CE1009B7CF}
	EndGlobalSection
EndGlobal
